
Microsoft Visual Studio Solution File, Format Version 12.00
# Visual Studio 15
VisualStudioVersion = 15.0.28010.2048
MinimumVisualStudioVersion = 10.0.40219.1
Project("{FAE04EC0-301F-11D3-BF4B-00C04F79EFBC}") = "CIT110.Test", "CIT110.Test\CIT110.Test.csproj", "{77C2B6A2-0EF6-4F77-BBB0-C8E98F38F593}"
EndProject
Global
	GlobalSection(SolutionConfigurationPlatforms) = preSolution
		Debug|Any CPU = Debug|Any CPU
		Release|Any CPU = Release|Any CPU
	EndGlobalSection
	GlobalSection(ProjectConfigurationPlatforms) = postSolution
		{77C2B6A2-0EF6-4F77-BBB0-C8E98F38F593}.Debug|Any CPU.ActiveCfg = Debug|Any CPU
		{77C2B6A2-0EF6-4F77-BBB0-C8E98F38F593}.Debug|Any CPU.Build.0 = Debug|Any CPU
		{77C2B6A2-0EF6-4F77-BBB0-C8E98F38F593}.Release|Any CPU.ActiveCfg = Release|Any CPU
		{77C2B6A2-0EF6-4F77-BBB0-C8E98F38F593}.Release|Any CPU.Build.0 = Release|Any CPU
	EndGlobalSection
	GlobalSection(SolutionProperties) = preSolution
		HideSolutionNode = FALSE
	EndGlobalSection
	GlobalSection(ExtensibilityGlobals) = postSolution
		SolutionGuid = {0E20D976-1079-4DC8-ADF1-635727DAD1CD}
	EndGlobalSection
EndGlobal
